
Microsoft Visual Studio Solution File, Format Version 11.00
# Visual Studio 2010
Project("{FAE04EC0-301F-11D3-BF4B-00C04F79EFBC}") = "PresendroidAddIn", "PresendroidAddIn\PresendroidAddIn.csproj", "{96E2DA46-84E6-451D-AEB3-880924377CE1}"
EndProject
Project("{FAE04EC0-301F-11D3-BF4B-00C04F79EFBC}") = "PresendoidAddInConsole", "PresendoidAddInConsole\PresendoidAddInConsole.csproj", "{28B9A1F0-3882-459E-AA20-B1E679D7B202}"
EndProject
Global
	GlobalSection(SolutionConfigurationPlatforms) = preSolution
		Debug|Any CPU = Debug|Any CPU
		Debug|Mixed Platforms = Debug|Mixed Platforms
		Debug|x86 = Debug|x86
		Release|Any CPU = Release|Any CPU
		Release|Mixed Platforms = Release|Mixed Platforms
		Release|x86 = Release|x86
	EndGlobalSection
	GlobalSection(ProjectConfigurationPlatforms) = postSolution
		{96E2DA46-84E6-451D-AEB3-880924377CE1}.Debug|Any CPU.ActiveCfg = Debug|Any CPU
		{96E2DA46-84E6-451D-AEB3-880924377CE1}.Debug|Any CPU.Build.0 = Debug|Any CPU
		{96E2DA46-84E6-451D-AEB3-880924377CE1}.Debug|Mixed Platforms.ActiveCfg = Debug|Any CPU
		{96E2DA46-84E6-451D-AEB3-880924377CE1}.Debug|Mixed Platforms.Build.0 = Debug|Any CPU
		{96E2DA46-84E6-451D-AEB3-880924377CE1}.Debug|x86.ActiveCfg = Debug|Any CPU
		{96E2DA46-84E6-451D-AEB3-880924377CE1}.Release|Any CPU.ActiveCfg = Release|Any CPU
		{96E2DA46-84E6-451D-AEB3-880924377CE1}.Release|Any CPU.Build.0 = Release|Any CPU
		{96E2DA46-84E6-451D-AEB3-880924377CE1}.Release|Mixed Platforms.ActiveCfg = Release|Any CPU
		{96E2DA46-84E6-451D-AEB3-880924377CE1}.Release|Mixed Platforms.Build.0 = Release|Any CPU
		{96E2DA46-84E6-451D-AEB3-880924377CE1}.Release|x86.ActiveCfg = Release|Any CPU
		{28B9A1F0-3882-459E-AA20-B1E679D7B202}.Debug|Any CPU.ActiveCfg = Debug|x86
		{28B9A1F0-3882-459E-AA20-B1E679D7B202}.Debug|Mixed Platforms.ActiveCfg = Debug|x86
		{28B9A1F0-3882-459E-AA20-B1E679D7B202}.Debug|Mixed Platforms.Build.0 = Debug|x86
		{28B9A1F0-3882-459E-AA20-B1E679D7B202}.Debug|x86.ActiveCfg = Debug|x86
		{28B9A1F0-3882-459E-AA20-B1E679D7B202}.Debug|x86.Build.0 = Debug|x86
		{28B9A1F0-3882-459E-AA20-B1E679D7B202}.Release|Any CPU.ActiveCfg = Release|x86
		{28B9A1F0-3882-459E-AA20-B1E679D7B202}.Release|Mixed Platforms.ActiveCfg = Release|x86
		{28B9A1F0-3882-459E-AA20-B1E679D7B202}.Release|Mixed Platforms.Build.0 = Release|x86
		{28B9A1F0-3882-459E-AA20-B1E679D7B202}.Release|x86.ActiveCfg = Release|x86
		{28B9A1F0-3882-459E-AA20-B1E679D7B202}.Release|x86.Build.0 = Release|x86
	EndGlobalSection
	GlobalSection(SolutionProperties) = preSolution
		HideSolutionNode = FALSE
	EndGlobalSection
EndGlobal
